
Microsoft Visual Studio Solution File, Format Version 12.00
# Visual Studio Version 17
VisualStudioVersion = 17.0.31903.59
MinimumVisualStudioVersion = 10.0.40219.1
Project("{2150E333-8FDC-42A3-9474-1A3956D46DE8}") = "src", "src", "{D6270B1B-E653-42D2-8644-B6C4509434AD}"
EndProject
Project("{2150E333-8FDC-42A3-9474-1A3956D46DE8}") = "Services", "Services", "{AE7526D5-2AB4-4BC2-8C0B-B613509A97C6}"
EndProject
Project("{2150E333-8FDC-42A3-9474-1A3956D46DE8}") = "Scheduling", "Scheduling", "{D3428CD4-9F40-46E6-8A29-7F7DFE6A01FF}"
EndProject
Project("{FAE04EC0-301F-11D3-BF4B-00C04F79EFBC}") = "Scheduling.API", "src\Services\Scheduling\Scheduling.API\Scheduling.API.csproj", "{6C70E39D-1A18-4BAC-A074-38E747F15059}"
EndProject
Project("{2150E333-8FDC-42A3-9474-1A3956D46DE8}") = "Booking", "Booking", "{FF674EAF-5BD3-4357-89CA-B17E9F839676}"
EndProject
Project("{FAE04EC0-301F-11D3-BF4B-00C04F79EFBC}") = "Booking.API", "src\Services\Booking\Booking.API\Booking.API.csproj", "{6C815BCD-7114-4984-8E61-F2D5BBB192BF}"
EndProject
Project("{2150E333-8FDC-42A3-9474-1A3956D46DE8}") = "Payment", "Payment", "{6AD564B2-BDE0-4314-976D-2AF92D08E24A}"
EndProject
Project("{FAE04EC0-301F-11D3-BF4B-00C04F79EFBC}") = "Payment.API", "src\Services\Payment\Payment.API\Payment.API.csproj", "{2D666DB7-F524-4A2D-97BA-603A51980EC4}"
EndProject
Project("{2150E333-8FDC-42A3-9474-1A3956D46DE8}") = "Invoice", "Invoice", "{7AAC9162-7B19-4846-967F-21979C54A9FA}"
EndProject
Project("{FAE04EC0-301F-11D3-BF4B-00C04F79EFBC}") = "Invoice.API", "src\Services\Invoice\Invoice.API\Invoice.API.csproj", "{5D9BA38D-E825-4C13-B615-640633F78DF2}"
EndProject
Project("{2150E333-8FDC-42A3-9474-1A3956D46DE8}") = "Gateway", "Gateway", "{6A4A9AB0-F7C1-4002-BCE4-B570D3426A79}"
EndProject
Project("{FAE04EC0-301F-11D3-BF4B-00C04F79EFBC}") = "ApiGateway", "src\Gateway\ApiGateway\ApiGateway.csproj", "{C9CAFAF9-4976-4BEC-98E2-07B742074B4E}"
EndProject
Project("{2150E333-8FDC-42A3-9474-1A3956D46DE8}") = "BuildingBlocks", "BuildingBlocks", "{05E40BD9-E3F7-4EBC-A8F8-B9F644506218}"
EndProject
Project("{FAE04EC0-301F-11D3-BF4B-00C04F79EFBC}") = "Shared.Contracts", "src\BuildingBlocks\Shared.Contracts\Shared.Contracts.csproj", "{8B90A7B9-3BB7-402E-B7A3-FCB7CBD9965A}"
EndProject
Global
	GlobalSection(SolutionConfigurationPlatforms) = preSolution
		Debug|Any CPU = Debug|Any CPU
		Release|Any CPU = Release|Any CPU
	EndGlobalSection
	GlobalSection(SolutionProperties) = preSolution
		HideSolutionNode = FALSE
	EndGlobalSection
	GlobalSection(ProjectConfigurationPlatforms) = postSolution
		{6C70E39D-1A18-4BAC-A074-38E747F15059}.Debug|Any CPU.ActiveCfg = Debug|Any CPU
		{6C70E39D-1A18-4BAC-A074-38E747F15059}.Debug|Any CPU.Build.0 = Debug|Any CPU
		{6C70E39D-1A18-4BAC-A074-38E747F15059}.Release|Any CPU.ActiveCfg = Release|Any CPU
		{6C70E39D-1A18-4BAC-A074-38E747F15059}.Release|Any CPU.Build.0 = Release|Any CPU
		{6C815BCD-7114-4984-8E61-F2D5BBB192BF}.Debug|Any CPU.ActiveCfg = Debug|Any CPU
		{6C815BCD-7114-4984-8E61-F2D5BBB192BF}.Debug|Any CPU.Build.0 = Debug|Any CPU
		{6C815BCD-7114-4984-8E61-F2D5BBB192BF}.Release|Any CPU.ActiveCfg = Release|Any CPU
		{6C815BCD-7114-4984-8E61-F2D5BBB192BF}.Release|Any CPU.Build.0 = Release|Any CPU
		{2D666DB7-F524-4A2D-97BA-603A51980EC4}.Debug|Any CPU.ActiveCfg = Debug|Any CPU
		{2D666DB7-F524-4A2D-97BA-603A51980EC4}.Debug|Any CPU.Build.0 = Debug|Any CPU
		{2D666DB7-F524-4A2D-97BA-603A51980EC4}.Release|Any CPU.ActiveCfg = Release|Any CPU
		{2D666DB7-F524-4A2D-97BA-603A51980EC4}.Release|Any CPU.Build.0 = Release|Any CPU
		{5D9BA38D-E825-4C13-B615-640633F78DF2}.Debug|Any CPU.ActiveCfg = Debug|Any CPU
		{5D9BA38D-E825-4C13-B615-640633F78DF2}.Debug|Any CPU.Build.0 = Debug|Any CPU
		{5D9BA38D-E825-4C13-B615-640633F78DF2}.Release|Any CPU.ActiveCfg = Release|Any CPU
		{5D9BA38D-E825-4C13-B615-640633F78DF2}.Release|Any CPU.Build.0 = Release|Any CPU
		{C9CAFAF9-4976-4BEC-98E2-07B742074B4E}.Debug|Any CPU.ActiveCfg = Debug|Any CPU
		{C9CAFAF9-4976-4BEC-98E2-07B742074B4E}.Debug|Any CPU.Build.0 = Debug|Any CPU
		{C9CAFAF9-4976-4BEC-98E2-07B742074B4E}.Release|Any CPU.ActiveCfg = Release|Any CPU
		{C9CAFAF9-4976-4BEC-98E2-07B742074B4E}.Release|Any CPU.Build.0 = Release|Any CPU
		{8B90A7B9-3BB7-402E-B7A3-FCB7CBD9965A}.Debug|Any CPU.ActiveCfg = Debug|Any CPU
		{8B90A7B9-3BB7-402E-B7A3-FCB7CBD9965A}.Debug|Any CPU.Build.0 = Debug|Any CPU
		{8B90A7B9-3BB7-402E-B7A3-FCB7CBD9965A}.Release|Any CPU.ActiveCfg = Release|Any CPU
		{8B90A7B9-3BB7-402E-B7A3-FCB7CBD9965A}.Release|Any CPU.Build.0 = Release|Any CPU
	EndGlobalSection
	GlobalSection(NestedProjects) = preSolution
		{AE7526D5-2AB4-4BC2-8C0B-B613509A97C6} = {D6270B1B-E653-42D2-8644-B6C4509434AD}
		{D3428CD4-9F40-46E6-8A29-7F7DFE6A01FF} = {AE7526D5-2AB4-4BC2-8C0B-B613509A97C6}
		{6C70E39D-1A18-4BAC-A074-38E747F15059} = {D3428CD4-9F40-46E6-8A29-7F7DFE6A01FF}
		{FF674EAF-5BD3-4357-89CA-B17E9F839676} = {AE7526D5-2AB4-4BC2-8C0B-B613509A97C6}
		{6C815BCD-7114-4984-8E61-F2D5BBB192BF} = {FF674EAF-5BD3-4357-89CA-B17E9F839676}
		{6AD564B2-BDE0-4314-976D-2AF92D08E24A} = {AE7526D5-2AB4-4BC2-8C0B-B613509A97C6}
		{2D666DB7-F524-4A2D-97BA-603A51980EC4} = {6AD564B2-BDE0-4314-976D-2AF92D08E24A}
		{7AAC9162-7B19-4846-967F-21979C54A9FA} = {AE7526D5-2AB4-4BC2-8C0B-B613509A97C6}
		{5D9BA38D-E825-4C13-B615-640633F78DF2} = {7AAC9162-7B19-4846-967F-21979C54A9FA}
		{6A4A9AB0-F7C1-4002-BCE4-B570D3426A79} = {D6270B1B-E653-42D2-8644-B6C4509434AD}
		{C9CAFAF9-4976-4BEC-98E2-07B742074B4E} = {6A4A9AB0-F7C1-4002-BCE4-B570D3426A79}
		{05E40BD9-E3F7-4EBC-A8F8-B9F644506218} = {D6270B1B-E653-42D2-8644-B6C4509434AD}
		{8B90A7B9-3BB7-402E-B7A3-FCB7CBD9965A} = {05E40BD9-E3F7-4EBC-A8F8-B9F644506218}
	EndGlobalSection
EndGlobal
