
Microsoft Visual Studio Solution File, Format Version 12.00
# Visual Studio Version 17
VisualStudioVersion = 17.0.31903.59
MinimumVisualStudioVersion = 10.0.40219.1
Project("{2150E333-8FDC-42A3-9474-1A3956D46DE8}") = "gateway", "gateway", "{A26EC83D-865C-41E8-B849-2BDB48FEDA29}"
EndProject
Project("{FAE04EC0-301F-11D3-BF4B-00C04F79EFBC}") = "Gateway.Api", "gateway\Gateway.Api\Gateway.Api.csproj", "{B18C0B7B-1830-4732-A0E2-D160276534D7}"
EndProject
Project("{2150E333-8FDC-42A3-9474-1A3956D46DE8}") = "services", "services", "{B911E72E-49C8-47AE-9F40-EFE7F1769C6B}"
EndProject
Project("{2150E333-8FDC-42A3-9474-1A3956D46DE8}") = "Schedule", "Schedule", "{1E432DCD-98DF-456D-BBF8-A7E332CAB406}"
EndProject
Project("{FAE04EC0-301F-11D3-BF4B-00C04F79EFBC}") = "Schedule.Api", "services\Schedule\Schedule.Api\Schedule.Api.csproj", "{BAB7B47F-AD97-4308-A86B-9FE0A9A8180C}"
EndProject
Project("{2150E333-8FDC-42A3-9474-1A3956D46DE8}") = "Booking", "Booking", "{99F7A54C-7BB8-4A94-9FCB-872600BA9AE5}"
EndProject
Project("{FAE04EC0-301F-11D3-BF4B-00C04F79EFBC}") = "Booking.Api", "services\Booking\Booking.Api\Booking.Api.csproj", "{3C963868-F1AC-4A78-B055-07D64B216A70}"
EndProject
Project("{2150E333-8FDC-42A3-9474-1A3956D46DE8}") = "Payments", "Payments", "{AA11E159-942C-43A4-A660-890309F2E58A}"
EndProject
Project("{FAE04EC0-301F-11D3-BF4B-00C04F79EFBC}") = "Payments.Api", "services\Payments\Payments.Api\Payments.Api.csproj", "{50A7B789-28BC-4965-8ED1-FF1648A36EF8}"
EndProject
Project("{2150E333-8FDC-42A3-9474-1A3956D46DE8}") = "Invoice", "Invoice", "{C523BE0C-654E-4AFA-AA51-3D7EE8CC3307}"
EndProject
Project("{FAE04EC0-301F-11D3-BF4B-00C04F79EFBC}") = "Invoice.Api", "services\Invoice\Invoice.Api\Invoice.Api.csproj", "{D0FAFADE-976F-40AC-B421-11891D5A92CD}"
EndProject
Project("{2150E333-8FDC-42A3-9474-1A3956D46DE8}") = "shared", "shared", "{2A61094F-01E5-494B-B32B-1C440624DD6A}"
EndProject
Project("{FAE04EC0-301F-11D3-BF4B-00C04F79EFBC}") = "BuildingBlocks", "shared\BuildingBlocks\BuildingBlocks.csproj", "{18431A36-9BE9-490F-9FC3-B111A144D6DC}"
EndProject
Project("{FAE04EC0-301F-11D3-BF4B-00C04F79EFBC}") = "Contracts", "shared\Contracts\Contracts.csproj", "{FE9C9BBB-3914-4D46-8CD9-E59A05343654}"
EndProject
Project("{FAE04EC0-301F-11D3-BF4B-00C04F79EFBC}") = "Infrastructure", "shared\Infrastructure\Infrastructure.csproj", "{58164B43-78BF-4F5B-866E-B37D5BA7D3AC}"
EndProject
Global
	GlobalSection(SolutionConfigurationPlatforms) = preSolution
		Debug|Any CPU = Debug|Any CPU
		Release|Any CPU = Release|Any CPU
	EndGlobalSection
	GlobalSection(SolutionProperties) = preSolution
		HideSolutionNode = FALSE
	EndGlobalSection
	GlobalSection(ProjectConfigurationPlatforms) = postSolution
		{B18C0B7B-1830-4732-A0E2-D160276534D7}.Debug|Any CPU.ActiveCfg = Debug|Any CPU
		{B18C0B7B-1830-4732-A0E2-D160276534D7}.Debug|Any CPU.Build.0 = Debug|Any CPU
		{B18C0B7B-1830-4732-A0E2-D160276534D7}.Release|Any CPU.ActiveCfg = Release|Any CPU
		{B18C0B7B-1830-4732-A0E2-D160276534D7}.Release|Any CPU.Build.0 = Release|Any CPU
		{BAB7B47F-AD97-4308-A86B-9FE0A9A8180C}.Debug|Any CPU.ActiveCfg = Debug|Any CPU
		{BAB7B47F-AD97-4308-A86B-9FE0A9A8180C}.Debug|Any CPU.Build.0 = Debug|Any CPU
		{BAB7B47F-AD97-4308-A86B-9FE0A9A8180C}.Release|Any CPU.ActiveCfg = Release|Any CPU
		{BAB7B47F-AD97-4308-A86B-9FE0A9A8180C}.Release|Any CPU.Build.0 = Release|Any CPU
		{3C963868-F1AC-4A78-B055-07D64B216A70}.Debug|Any CPU.ActiveCfg = Debug|Any CPU
		{3C963868-F1AC-4A78-B055-07D64B216A70}.Debug|Any CPU.Build.0 = Debug|Any CPU
		{3C963868-F1AC-4A78-B055-07D64B216A70}.Release|Any CPU.ActiveCfg = Release|Any CPU
		{3C963868-F1AC-4A78-B055-07D64B216A70}.Release|Any CPU.Build.0 = Release|Any CPU
		{50A7B789-28BC-4965-8ED1-FF1648A36EF8}.Debug|Any CPU.ActiveCfg = Debug|Any CPU
		{50A7B789-28BC-4965-8ED1-FF1648A36EF8}.Debug|Any CPU.Build.0 = Debug|Any CPU
		{50A7B789-28BC-4965-8ED1-FF1648A36EF8}.Release|Any CPU.ActiveCfg = Release|Any CPU
		{50A7B789-28BC-4965-8ED1-FF1648A36EF8}.Release|Any CPU.Build.0 = Release|Any CPU
		{D0FAFADE-976F-40AC-B421-11891D5A92CD}.Debug|Any CPU.ActiveCfg = Debug|Any CPU
		{D0FAFADE-976F-40AC-B421-11891D5A92CD}.Debug|Any CPU.Build.0 = Debug|Any CPU
		{D0FAFADE-976F-40AC-B421-11891D5A92CD}.Release|Any CPU.ActiveCfg = Release|Any CPU
		{D0FAFADE-976F-40AC-B421-11891D5A92CD}.Release|Any CPU.Build.0 = Release|Any CPU
		{18431A36-9BE9-490F-9FC3-B111A144D6DC}.Debug|Any CPU.ActiveCfg = Debug|Any CPU
		{18431A36-9BE9-490F-9FC3-B111A144D6DC}.Debug|Any CPU.Build.0 = Debug|Any CPU
		{18431A36-9BE9-490F-9FC3-B111A144D6DC}.Release|Any CPU.ActiveCfg = Release|Any CPU
		{18431A36-9BE9-490F-9FC3-B111A144D6DC}.Release|Any CPU.Build.0 = Release|Any CPU
		{FE9C9BBB-3914-4D46-8CD9-E59A05343654}.Debug|Any CPU.ActiveCfg = Debug|Any CPU
		{FE9C9BBB-3914-4D46-8CD9-E59A05343654}.Debug|Any CPU.Build.0 = Debug|Any CPU
		{FE9C9BBB-3914-4D46-8CD9-E59A05343654}.Release|Any CPU.ActiveCfg = Release|Any CPU
		{FE9C9BBB-3914-4D46-8CD9-E59A05343654}.Release|Any CPU.Build.0 = Release|Any CPU
		{58164B43-78BF-4F5B-866E-B37D5BA7D3AC}.Debug|Any CPU.ActiveCfg = Debug|Any CPU
		{58164B43-78BF-4F5B-866E-B37D5BA7D3AC}.Debug|Any CPU.Build.0 = Debug|Any CPU
		{58164B43-78BF-4F5B-866E-B37D5BA7D3AC}.Release|Any CPU.ActiveCfg = Release|Any CPU
		{58164B43-78BF-4F5B-866E-B37D5BA7D3AC}.Release|Any CPU.Build.0 = Release|Any CPU
	EndGlobalSection
	GlobalSection(NestedProjects) = preSolution
		{B18C0B7B-1830-4732-A0E2-D160276534D7} = {A26EC83D-865C-41E8-B849-2BDB48FEDA29}
		{1E432DCD-98DF-456D-BBF8-A7E332CAB406} = {B911E72E-49C8-47AE-9F40-EFE7F1769C6B}
		{BAB7B47F-AD97-4308-A86B-9FE0A9A8180C} = {1E432DCD-98DF-456D-BBF8-A7E332CAB406}
		{99F7A54C-7BB8-4A94-9FCB-872600BA9AE5} = {B911E72E-49C8-47AE-9F40-EFE7F1769C6B}
		{3C963868-F1AC-4A78-B055-07D64B216A70} = {99F7A54C-7BB8-4A94-9FCB-872600BA9AE5}
		{AA11E159-942C-43A4-A660-890309F2E58A} = {B911E72E-49C8-47AE-9F40-EFE7F1769C6B}
		{50A7B789-28BC-4965-8ED1-FF1648A36EF8} = {AA11E159-942C-43A4-A660-890309F2E58A}
		{C523BE0C-654E-4AFA-AA51-3D7EE8CC3307} = {B911E72E-49C8-47AE-9F40-EFE7F1769C6B}
		{D0FAFADE-976F-40AC-B421-11891D5A92CD} = {C523BE0C-654E-4AFA-AA51-3D7EE8CC3307}
		{18431A36-9BE9-490F-9FC3-B111A144D6DC} = {2A61094F-01E5-494B-B32B-1C440624DD6A}
		{FE9C9BBB-3914-4D46-8CD9-E59A05343654} = {2A61094F-01E5-494B-B32B-1C440624DD6A}
		{58164B43-78BF-4F5B-866E-B37D5BA7D3AC} = {2A61094F-01E5-494B-B32B-1C440624DD6A}
	EndGlobalSection
EndGlobal
